
Microsoft Visual Studio Solution File, Format Version 12.00
# Visual Studio Version 16
VisualStudioVersion = 16.0.30717.126
MinimumVisualStudioVersion = 10.0.40219.1
Project("{888888A0-9F3D-457C-B088-3A5042F75D52}") = "1_buildstructure.py", "1_buildstructure.py.pyproj", "{67A1A4F6-551F-4E91-9294-BC7F99CF7BD1}"
EndProject
Global
	GlobalSection(SolutionConfigurationPlatforms) = preSolution
		Debug|Any CPU = Debug|Any CPU
		Release|Any CPU = Release|Any CPU
	EndGlobalSection
	GlobalSection(ProjectConfigurationPlatforms) = postSolution
		{67A1A4F6-551F-4E91-9294-BC7F99CF7BD1}.Debug|Any CPU.ActiveCfg = Debug|Any CPU
		{67A1A4F6-551F-4E91-9294-BC7F99CF7BD1}.Release|Any CPU.ActiveCfg = Release|Any CPU
	EndGlobalSection
	GlobalSection(SolutionProperties) = preSolution
		HideSolutionNode = FALSE
	EndGlobalSection
	GlobalSection(ExtensibilityGlobals) = postSolution
		SolutionGuid = {579A55AD-C578-4097-B9BE-1F000925DB5A}
	EndGlobalSection
EndGlobal
