
Microsoft Visual Studio Solution File, Format Version 12.00
# Visual Studio Version 16
VisualStudioVersion = 16.0.30717.126
MinimumVisualStudioVersion = 10.0.40219.1
Project("{888888A0-9F3D-457C-B088-3A5042F75D52}") = "OCRin.py", "OCRin.py.pyproj", "{395C6195-F276-47DC-8B30-E5E3FF576077}"
EndProject
Project("{888888A0-9F3D-457C-B088-3A5042F75D52}") = "adasd", "..\adasd\adasd.pyproj", "{5FBB374B-060B-4C81-A3B5-B43CA06743FE}"
EndProject
Project("{888888A0-9F3D-457C-B088-3A5042F75D52}") = "z_3.py", "..\z_3.py\z_3.py.pyproj", "{8EBA2B8A-5999-497B-AFCF-8198B53F4C5D}"
EndProject
Project("{888888A0-9F3D-457C-B088-3A5042F75D52}") = "2_OCR_test.py", "..\2_OCR_test.py\2_OCR_test.py.pyproj", "{D64BDD9B-744C-4683-A27F-426EC25DF844}"
EndProject
Project("{888888A0-9F3D-457C-B088-3A5042F75D52}") = "1_buildstructure.py", "..\1_buildstructure.py\1_buildstructure.py.pyproj", "{4B52EB2D-7E4C-4A6C-9A81-C19D587DFF97}"
EndProject
Project("{888888A0-9F3D-457C-B088-3A5042F75D52}") = "functions.py", "..\functions.py\functions.py.pyproj", "{2DC2D25F-17BB-411A-A75E-0906FD4B7763}"
EndProject
Project("{888888A0-9F3D-457C-B088-3A5042F75D52}") = "RemoveComments.py", "..\RemoveComments.py\RemoveComments.py.pyproj", "{2343263F-DED8-4BF0-AAB9-7BCC77088110}"
EndProject
Global
	GlobalSection(SolutionConfigurationPlatforms) = preSolution
		Debug|Any CPU = Debug|Any CPU
		Release|Any CPU = Release|Any CPU
	EndGlobalSection
	GlobalSection(ProjectConfigurationPlatforms) = postSolution
		{395C6195-F276-47DC-8B30-E5E3FF576077}.Debug|Any CPU.ActiveCfg = Debug|Any CPU
		{395C6195-F276-47DC-8B30-E5E3FF576077}.Release|Any CPU.ActiveCfg = Release|Any CPU
		{5FBB374B-060B-4C81-A3B5-B43CA06743FE}.Debug|Any CPU.ActiveCfg = Debug|Any CPU
		{5FBB374B-060B-4C81-A3B5-B43CA06743FE}.Release|Any CPU.ActiveCfg = Release|Any CPU
		{8EBA2B8A-5999-497B-AFCF-8198B53F4C5D}.Debug|Any CPU.ActiveCfg = Debug|Any CPU
		{8EBA2B8A-5999-497B-AFCF-8198B53F4C5D}.Release|Any CPU.ActiveCfg = Release|Any CPU
		{D64BDD9B-744C-4683-A27F-426EC25DF844}.Debug|Any CPU.ActiveCfg = Debug|Any CPU
		{D64BDD9B-744C-4683-A27F-426EC25DF844}.Release|Any CPU.ActiveCfg = Release|Any CPU
		{4B52EB2D-7E4C-4A6C-9A81-C19D587DFF97}.Debug|Any CPU.ActiveCfg = Debug|Any CPU
		{4B52EB2D-7E4C-4A6C-9A81-C19D587DFF97}.Release|Any CPU.ActiveCfg = Release|Any CPU
		{2DC2D25F-17BB-411A-A75E-0906FD4B7763}.Debug|Any CPU.ActiveCfg = Debug|Any CPU
		{2DC2D25F-17BB-411A-A75E-0906FD4B7763}.Release|Any CPU.ActiveCfg = Release|Any CPU
		{2343263F-DED8-4BF0-AAB9-7BCC77088110}.Debug|Any CPU.ActiveCfg = Debug|Any CPU
		{2343263F-DED8-4BF0-AAB9-7BCC77088110}.Release|Any CPU.ActiveCfg = Release|Any CPU
	EndGlobalSection
	GlobalSection(SolutionProperties) = preSolution
		HideSolutionNode = FALSE
	EndGlobalSection
	GlobalSection(ExtensibilityGlobals) = postSolution
		SolutionGuid = {5A081F95-BFD1-49D1-9CB7-FC017C892FDF}
	EndGlobalSection
EndGlobal
